
Microsoft Visual Studio Solution File, Format Version 12.00
# Visual Studio 2013
VisualStudioVersion = 12.0.30723.0
MinimumVisualStudioVersion = 10.0.40219.1
Project("{F2A71F9B-5D33-465A-A702-920D77279786}") = "EnumCastTest", "EnumCastTest\EnumCastTest.fsproj", "{23386F65-CE83-477B-AEFE-D3291ED6FB9C}"
EndProject
Project("{F2A71F9B-5D33-465A-A702-920D77279786}") = "FSharpEnumCast", "FSharpEnumCast\FSharpEnumCast.fsproj", "{F610E095-767D-4176-B57B-7ED94B06C7F6}"
EndProject
Project("{FAE04EC0-301F-11D3-BF4B-00C04F79EFBC}") = "CSharpEnumCast", "CSharpEnumCast\CSharpEnumCast.csproj", "{8BC59F10-47C4-4074-9234-4606BC410791}"
EndProject
Project("{2150E333-8FDC-42A3-9474-1A3956D46DE8}") = "Solution Items", "Solution Items", "{B5125C9A-21F2-4FDE-A6A5-964D678AA6AD}"
	ProjectSection(SolutionItems) = preProject
		Readme.md = Readme.md
	EndProjectSection
EndProject
Global
	GlobalSection(SolutionConfigurationPlatforms) = preSolution
		Debug|Any CPU = Debug|Any CPU
		Release|Any CPU = Release|Any CPU
	EndGlobalSection
	GlobalSection(ProjectConfigurationPlatforms) = postSolution
		{23386F65-CE83-477B-AEFE-D3291ED6FB9C}.Debug|Any CPU.ActiveCfg = Debug|Any CPU
		{23386F65-CE83-477B-AEFE-D3291ED6FB9C}.Debug|Any CPU.Build.0 = Debug|Any CPU
		{23386F65-CE83-477B-AEFE-D3291ED6FB9C}.Release|Any CPU.ActiveCfg = Release|Any CPU
		{23386F65-CE83-477B-AEFE-D3291ED6FB9C}.Release|Any CPU.Build.0 = Release|Any CPU
		{F610E095-767D-4176-B57B-7ED94B06C7F6}.Debug|Any CPU.ActiveCfg = Debug|Any CPU
		{F610E095-767D-4176-B57B-7ED94B06C7F6}.Debug|Any CPU.Build.0 = Debug|Any CPU
		{F610E095-767D-4176-B57B-7ED94B06C7F6}.Release|Any CPU.ActiveCfg = Release|Any CPU
		{F610E095-767D-4176-B57B-7ED94B06C7F6}.Release|Any CPU.Build.0 = Release|Any CPU
		{8BC59F10-47C4-4074-9234-4606BC410791}.Debug|Any CPU.ActiveCfg = Debug|Any CPU
		{8BC59F10-47C4-4074-9234-4606BC410791}.Debug|Any CPU.Build.0 = Debug|Any CPU
		{8BC59F10-47C4-4074-9234-4606BC410791}.Release|Any CPU.ActiveCfg = Release|Any CPU
		{8BC59F10-47C4-4074-9234-4606BC410791}.Release|Any CPU.Build.0 = Release|Any CPU
	EndGlobalSection
	GlobalSection(SolutionProperties) = preSolution
		HideSolutionNode = FALSE
	EndGlobalSection
EndGlobal
